
Microsoft Visual Studio Solution File, Format Version 12.00
# Visual Studio 2012
Project("{FAE04EC0-301F-11D3-BF4B-00C04F79EFBC}") = "01.CalcSquareRoot", "01.CalcSquareRoot\01.CalcSquareRoot.csproj", "{BD3408EA-B968-4F73-8C5A-135B08F84812}"
EndProject
Project("{FAE04EC0-301F-11D3-BF4B-00C04F79EFBC}") = "03.GetFullPathAndReadFile", "03.GetFullPathAndReadFile\03.GetFullPathAndReadFile.csproj", "{BE095DFD-5003-413C-B696-241AEA7713DC}"
EndProject
Project("{FAE04EC0-301F-11D3-BF4B-00C04F79EFBC}") = "04.DownloadFileFromInternet", "04.DownloadFileFromInternet\04.DownloadFileFromInternet.csproj", "{17FEE179-B3C4-4A9D-84C9-1C33270E7CA7}"
EndProject
Global
	GlobalSection(SolutionConfigurationPlatforms) = preSolution
		Debug|Any CPU = Debug|Any CPU
		Release|Any CPU = Release|Any CPU
	EndGlobalSection
	GlobalSection(ProjectConfigurationPlatforms) = postSolution
		{BD3408EA-B968-4F73-8C5A-135B08F84812}.Debug|Any CPU.ActiveCfg = Debug|Any CPU
		{BD3408EA-B968-4F73-8C5A-135B08F84812}.Debug|Any CPU.Build.0 = Debug|Any CPU
		{BD3408EA-B968-4F73-8C5A-135B08F84812}.Release|Any CPU.ActiveCfg = Release|Any CPU
		{BD3408EA-B968-4F73-8C5A-135B08F84812}.Release|Any CPU.Build.0 = Release|Any CPU
		{BE095DFD-5003-413C-B696-241AEA7713DC}.Debug|Any CPU.ActiveCfg = Debug|Any CPU
		{BE095DFD-5003-413C-B696-241AEA7713DC}.Debug|Any CPU.Build.0 = Debug|Any CPU
		{BE095DFD-5003-413C-B696-241AEA7713DC}.Release|Any CPU.ActiveCfg = Release|Any CPU
		{BE095DFD-5003-413C-B696-241AEA7713DC}.Release|Any CPU.Build.0 = Release|Any CPU
		{17FEE179-B3C4-4A9D-84C9-1C33270E7CA7}.Debug|Any CPU.ActiveCfg = Debug|Any CPU
		{17FEE179-B3C4-4A9D-84C9-1C33270E7CA7}.Debug|Any CPU.Build.0 = Debug|Any CPU
		{17FEE179-B3C4-4A9D-84C9-1C33270E7CA7}.Release|Any CPU.ActiveCfg = Release|Any CPU
		{17FEE179-B3C4-4A9D-84C9-1C33270E7CA7}.Release|Any CPU.Build.0 = Release|Any CPU
	EndGlobalSection
	GlobalSection(SolutionProperties) = preSolution
		HideSolutionNode = FALSE
	EndGlobalSection
EndGlobal
